
Microsoft Visual Studio Solution File, Format Version 11.00
# Visual Studio 2010
Project("{FAE04EC0-301F-11D3-BF4B-00C04F79EFBC}") = "Assembly-CSharp-firstpass", "Assembly-CSharp-firstpass.csproj", "{585fd9b6-13bd-fc39-0431-691895c8a6fb}"
EndProject
Project("{FAE04EC0-301F-11D3-BF4B-00C04F79EFBC}") = "Assembly-CSharp", "Assembly-CSharp.csproj", "{f04ae91a-4a96-3892-4630-4be76e0a392c}"
EndProject
Project("{FAE04EC0-301F-11D3-BF4B-00C04F79EFBC}") = "Assembly-CSharp-Editor-firstpass", "Assembly-CSharp-Editor-firstpass.csproj", "{81fbc18a-4a75-8729-7a73-1353efbad2a7}"
EndProject
Project("{FAE04EC0-301F-11D3-BF4B-00C04F79EFBC}") = "Assembly-CSharp-Editor", "Assembly-CSharp-Editor.csproj", "{6f41708f-71c8-8e99-3ea7-c4b8c20c6b22}"
EndProject
Global
	GlobalSection(SolutionConfigurationPlatforms) = preSolution
		Debug|Any CPU = Debug|Any CPU
	EndGlobalSection
	GlobalSection(ProjectConfigurationPlatforms) = postSolution
		{585fd9b6-13bd-fc39-0431-691895c8a6fb}.Debug|Any CPU.ActiveCfg = Debug|Any CPU
		{585fd9b6-13bd-fc39-0431-691895c8a6fb}.Debug|Any CPU.Build.0 = Debug|Any CPU
		{f04ae91a-4a96-3892-4630-4be76e0a392c}.Debug|Any CPU.ActiveCfg = Debug|Any CPU
		{f04ae91a-4a96-3892-4630-4be76e0a392c}.Debug|Any CPU.Build.0 = Debug|Any CPU
		{81fbc18a-4a75-8729-7a73-1353efbad2a7}.Debug|Any CPU.ActiveCfg = Debug|Any CPU
		{81fbc18a-4a75-8729-7a73-1353efbad2a7}.Debug|Any CPU.Build.0 = Debug|Any CPU
		{6f41708f-71c8-8e99-3ea7-c4b8c20c6b22}.Debug|Any CPU.ActiveCfg = Debug|Any CPU
		{6f41708f-71c8-8e99-3ea7-c4b8c20c6b22}.Debug|Any CPU.Build.0 = Debug|Any CPU
	EndGlobalSection
	GlobalSection(SolutionProperties) = preSolution
		HideSolutionNode = FALSE
	EndGlobalSection
EndGlobal
